
Microsoft Visual Studio Solution File, Format Version 12.00
# Visual Studio 2013
VisualStudioVersion = 12.0.31101.0
MinimumVisualStudioVersion = 10.0.40219.1
Project("{2150E333-8FDC-42A3-9474-1A3956D46DE8}") = "Stuff", "Stuff", "{98E2EB86-C26C-4FEF-934F-95391B25CBCE}"
	ProjectSection(SolutionItems) = preProject
		Basic Javascript\javascript_test.html = Basic Javascript\javascript_test.html
		Basic Javascript\javascript_test.js = Basic Javascript\javascript_test.js
	EndProjectSection
EndProject
Project("{E24C65DC-7377-472B-9ABA-BC803B73C61A}") = "Basic Javascript(1)", "http://localhost:2741", "{A1E69B0F-45D5-46D7-911E-C895BB87BFFE}"
	ProjectSection(WebsiteProperties) = preProject
		UseIISExpress = "true"
		TargetFrameworkMoniker = ".NETFramework,Version%3Dv4.0"
		Debug.AspNetCompiler.VirtualPath = "/localhost_2741"
		Debug.AspNetCompiler.PhysicalPath = "Basic Javascript\"
		Debug.AspNetCompiler.TargetPath = "PrecompiledWeb\localhost_2741\"
		Debug.AspNetCompiler.Updateable = "true"
		Debug.AspNetCompiler.ForceOverwrite = "true"
		Debug.AspNetCompiler.FixedNames = "false"
		Debug.AspNetCompiler.Debug = "True"
		Release.AspNetCompiler.VirtualPath = "/localhost_2741"
		Release.AspNetCompiler.PhysicalPath = "Basic Javascript\"
		Release.AspNetCompiler.TargetPath = "PrecompiledWeb\localhost_2741\"
		Release.AspNetCompiler.Updateable = "true"
		Release.AspNetCompiler.ForceOverwrite = "true"
		Release.AspNetCompiler.FixedNames = "false"
		Release.AspNetCompiler.Debug = "False"
		SlnRelativePath = "Basic Javascript\"
		DefaultWebSiteLanguage = "Visual Basic"
	EndProjectSection
EndProject
Global
	GlobalSection(SolutionConfigurationPlatforms) = preSolution
		Debug|Any CPU = Debug|Any CPU
	EndGlobalSection
	GlobalSection(ProjectConfigurationPlatforms) = postSolution
		{A1E69B0F-45D5-46D7-911E-C895BB87BFFE}.Debug|Any CPU.ActiveCfg = Debug|Any CPU
		{A1E69B0F-45D5-46D7-911E-C895BB87BFFE}.Debug|Any CPU.Build.0 = Debug|Any CPU
	EndGlobalSection
	GlobalSection(SolutionProperties) = preSolution
		HideSolutionNode = FALSE
	EndGlobalSection
EndGlobal
